// !$*UTF8*$!
{
	archiveVersion = 1;
	classes = {
	};
	objectVersion = 46;
	objects = {

/* Begin PBXBuildFile section */
		FB3F6C6C1B5297B800455E52 /* main.m in Sources */ = {isa = PBXBuildFile; fileRef = FB3F6C6B1B5297B800455E52 /* main.m */; };
		FB3F6C6F1B5297B800455E52 /* AppDelegate.m in Sources */ = {isa = PBXBuildFile; fileRef = FB3F6C6E1B5297B800455E52 /* AppDelegate.m */; };
		FB3F6C721B5297B800455E52 /* ViewController.m in Sources */ = {isa = PBXBuildFile; fileRef = FB3F6C711B5297B800455E52 /* ViewController.m */; };
		FB3F6C751B5297B800455E52 /* Main.storyboard in Resources */ = {isa = PBXBuildFile; fileRef = FB3F6C731B5297B800455E52 /* Main.storyboard */; };
		FB3F6C771B5297B800455E52 /* Images.xcassets in Resources */ = {isa = PBXBuildFile; fileRef = FB3F6C761B5297B800455E52 /* Images.xcassets */; };
		FB3F6C7A1B5297B800455E52 /* LaunchScreen.xib in Resources */ = {isa = PBXBuildFile; fileRef = FB3F6C781B5297B800455E52 /* LaunchScreen.xib */; };
		FB3F6C861B5297B800455E52 /* HelloWatchTests.m in Sources */ = {isa = PBXBuildFile; fileRef = FB3F6C851B5297B800455E52 /* HelloWatchTests.m */; };
		FB3F6C9A1B5297E400455E52 /* InterfaceController.m in Sources */ = {isa = PBXBuildFile; fileRef = FB3F6C991B5297E400455E52 /* InterfaceController.m */; };
		FB3F6C9D1B5297E400455E52 /* NotificationController.m in Sources */ = {isa = PBXBuildFile; fileRef = FB3F6C9C1B5297E400455E52 /* NotificationController.m */; };
		FB3F6C9F1B5297E400455E52 /* Images.xcassets in Resources */ = {isa = PBXBuildFile; fileRef = FB3F6C9E1B5297E400455E52 /* Images.xcassets */; };
		FB3F6CA31B5297E500455E52 /* HelloWatch WatchKit App.app in Resources */ = {isa = PBXBuildFile; fileRef = FB3F6CA21B5297E500455E52 /* HelloWatch WatchKit App.app */; };
		FB3F6CAB1B5297E500455E52 /* Interface.storyboard in Resources */ = {isa = PBXBuildFile; fileRef = FB3F6CA91B5297E500455E52 /* Interface.storyboard */; };
		FB3F6CAD1B5297E500455E52 /* Images.xcassets in Resources */ = {isa = PBXBuildFile; fileRef = FB3F6CAC1B5297E500455E52 /* Images.xcassets */; };
		FB3F6CB01B5297E500455E52 /* HelloWatch WatchKit Extension.appex in Embed App Extensions */ = {isa = PBXBuildFile; fileRef = FB3F6C931B5297E400455E52 /* HelloWatch WatchKit Extension.appex */; settings = {ATTRIBUTES = (RemoveHeadersOnCopy, ); }; };
		FB3F6CBC1B52A18300455E52 /* HelloWatch.storyboard in Resources */ = {isa = PBXBuildFile; fileRef = FB3F6CBB1B52A18300455E52 /* HelloWatch.storyboard */; };
		FB3F6CBD1B52A18300455E52 /* HelloWatch.storyboard in Resources */ = {isa = PBXBuildFile; fileRef = FB3F6CBB1B52A18300455E52 /* HelloWatch.storyboard */; };
/* End PBXBuildFile section */

/* Begin PBXContainerItemProxy section */
		FB3F6C801B5297B800455E52 /* PBXContainerItemProxy */ = {
			isa = PBXContainerItemProxy;
			containerPortal = FB3F6C5E1B5297B800455E52 /* Project object */;
			proxyType = 1;
			remoteGlobalIDString = FB3F6C651B5297B800455E52;
			remoteInfo = HelloWatch;
		};
		FB3F6CA41B5297E500455E52 /* PBXContainerItemProxy */ = {
			isa = PBXContainerItemProxy;
			containerPortal = FB3F6C5E1B5297B800455E52 /* Project object */;
			proxyType = 1;
			remoteGlobalIDString = FB3F6CA11B5297E500455E52;
			remoteInfo = "HelloWatch WatchKit App";
		};
		FB3F6CAE1B5297E500455E52 /* PBXContainerItemProxy */ = {
			isa = PBXContainerItemProxy;
			containerPortal = FB3F6C5E1B5297B800455E52 /* Project object */;
			proxyType = 1;
			remoteGlobalIDString = FB3F6C921B5297E400455E52;
			remoteInfo = "HelloWatch WatchKit Extension";
		};
/* End PBXContainerItemProxy section */

/* Begin PBXCopyFilesBuildPhase section */
		FB3F6CB71B5297E500455E52 /* Embed App Extensions */ = {
			isa = PBXCopyFilesBuildPhase;
			buildActionMask = 2147483647;
			dstPath = "";
			dstSubfolderSpec = 13;
			files = (
				FB3F6CB01B5297E500455E52 /* HelloWatch WatchKit Extension.appex in Embed App Extensions */,
			);
			name = "Embed App Extensions";
			runOnlyForDeploymentPostprocessing = 0;
		};
/* End PBXCopyFilesBuildPhase section */

/* Begin PBXFileReference section */
		FB3F6C661B5297B800455E52 /* HelloWatch.app */ = {isa = PBXFileReference; explicitFileType = wrapper.application; includeInIndex = 0; path = HelloWatch.app; sourceTree = BUILT_PRODUCTS_DIR; };
		FB3F6C6A1B5297B800455E52 /* Info.plist */ = {isa = PBXFileReference; lastKnownFileType = text.plist.xml; path = Info.plist; sourceTree = "<group>"; };
		FB3F6C6B1B5297B800455E52 /* main.m */ = {isa = PBXFileReference; lastKnownFileType = sourcecode.c.objc; path = main.m; sourceTree = "<group>"; };
		FB3F6C6D1B5297B800455E52 /* AppDelegate.h */ = {isa = PBXFileReference; lastKnownFileType = sourcecode.c.h; path = AppDelegate.h; sourceTree = "<group>"; };
		FB3F6C6E1B5297B800455E52 /* AppDelegate.m */ = {isa = PBXFileReference; lastKnownFileType = sourcecode.c.objc; path = AppDelegate.m; sourceTree = "<group>"; };
		FB3F6C701B5297B800455E52 /* ViewController.h */ = {isa = PBXFileReference; lastKnownFileType = sourcecode.c.h; path = ViewController.h; sourceTree = "<group>"; };
		FB3F6C711B5297B800455E52 /* ViewController.m */ = {isa = PBXFileReference; lastKnownFileType = sourcecode.c.objc; path = ViewController.m; sourceTree = "<group>"; };
		FB3F6C741B5297B800455E52 /* Base */ = {isa = PBXFileReference; lastKnownFileType = file.storyboard; name = Base; path = Base.lproj/Main.storyboard; sourceTree = "<group>"; };
		FB3F6C761B5297B800455E52 /* Images.xcassets */ = {isa = PBXFileReference; lastKnownFileType = folder.assetcatalog; path = Images.xcassets; sourceTree = "<group>"; };
		FB3F6C791B5297B800455E52 /* Base */ = {isa = PBXFileReference; lastKnownFileType = file.xib; name = Base; path = Base.lproj/LaunchScreen.xib; sourceTree = "<group>"; };
		FB3F6C7F1B5297B800455E52 /* HelloWatchTests.xctest */ = {isa = PBXFileReference; explicitFileType = wrapper.cfbundle; includeInIndex = 0; path = HelloWatchTests.xctest; sourceTree = BUILT_PRODUCTS_DIR; };
		FB3F6C841B5297B800455E52 /* Info.plist */ = {isa = PBXFileReference; lastKnownFileType = text.plist.xml; path = Info.plist; sourceTree = "<group>"; };
		FB3F6C851B5297B800455E52 /* HelloWatchTests.m */ = {isa = PBXFileReference; lastKnownFileType = sourcecode.c.objc; path = HelloWatchTests.m; sourceTree = "<group>"; };
		FB3F6C931B5297E400455E52 /* HelloWatch WatchKit Extension.appex */ = {isa = PBXFileReference; explicitFileType = "wrapper.app-extension"; includeInIndex = 0; path = "HelloWatch WatchKit Extension.appex"; sourceTree = BUILT_PRODUCTS_DIR; };
		FB3F6C961B5297E400455E52 /* Info.plist */ = {isa = PBXFileReference; lastKnownFileType = text.plist.xml; path = Info.plist; sourceTree = "<group>"; };
		FB3F6C971B5297E400455E52 /* PushNotificationPayload.apns */ = {isa = PBXFileReference; lastKnownFileType = text; path = PushNotificationPayload.apns; sourceTree = "<group>"; };
		FB3F6C981B5297E400455E52 /* InterfaceController.h */ = {isa = PBXFileReference; lastKnownFileType = sourcecode.c.h; path = InterfaceController.h; sourceTree = "<group>"; };
		FB3F6C991B5297E400455E52 /* InterfaceController.m */ = {isa = PBXFileReference; lastKnownFileType = sourcecode.c.objc; path = InterfaceController.m; sourceTree = "<group>"; };
		FB3F6C9B1B5297E400455E52 /* NotificationController.h */ = {isa = PBXFileReference; lastKnownFileType = sourcecode.c.h; path = NotificationController.h; sourceTree = "<group>"; };
		FB3F6C9C1B5297E400455E52 /* NotificationController.m */ = {isa = PBXFileReference; lastKnownFileType = sourcecode.c.objc; path = NotificationController.m; sourceTree = "<group>"; };
		FB3F6C9E1B5297E400455E52 /* Images.xcassets */ = {isa = PBXFileReference; lastKnownFileType = folder.assetcatalog; path = Images.xcassets; sourceTree = "<group>"; };
		FB3F6CA21B5297E500455E52 /* HelloWatch WatchKit App.app */ = {isa = PBXFileReference; explicitFileType = wrapper.application; includeInIndex = 0; path = "HelloWatch WatchKit App.app"; sourceTree = BUILT_PRODUCTS_DIR; };
		FB3F6CA81B5297E500455E52 /* Info.plist */ = {isa = PBXFileReference; lastKnownFileType = text.plist.xml; path = Info.plist; sourceTree = "<group>"; };
		FB3F6CAA1B5297E500455E52 /* Base */ = {isa = PBXFileReference; lastKnownFileType = file.storyboard; name = Base; path = Base.lproj/Interface.storyboard; sourceTree = "<group>"; };
		FB3F6CAC1B5297E500455E52 /* Images.xcassets */ = {isa = PBXFileReference; lastKnownFileType = folder.assetcatalog; path = Images.xcassets; sourceTree = "<group>"; };
		FB3F6CBB1B52A18300455E52 /* HelloWatch.storyboard */ = {isa = PBXFileReference; fileEncoding = 4; lastKnownFileType = file.storyboard; path = HelloWatch.storyboard; sourceTree = "<group>"; };
/* End PBXFileReference section */

/* Begin PBXFrameworksBuildPhase section */
		FB3F6C631B5297B800455E52 /* Frameworks */ = {
			isa = PBXFrameworksBuildPhase;
			buildActionMask = 2147483647;
			files = (
			);
			runOnlyForDeploymentPostprocessing = 0;
		};
		FB3F6C7C1B5297B800455E52 /* Frameworks */ = {
			isa = PBXFrameworksBuildPhase;
			buildActionMask = 2147483647;
			files = (
			);
			runOnlyForDeploymentPostprocessing = 0;
		};
		FB3F6C901B5297E400455E52 /* Frameworks */ = {
			isa = PBXFrameworksBuildPhase;
			buildActionMask = 2147483647;
			files = (
			);
			runOnlyForDeploymentPostprocessing = 0;
		};
/* End PBXFrameworksBuildPhase section */

/* Begin PBXGroup section */
		FB3F6C5D1B5297B800455E52 = {
			isa = PBXGroup;
			children = (
				FB3F6C681B5297B800455E52 /* HelloWatch */,
				FB3F6C821B5297B800455E52 /* HelloWatchTests */,
				FB3F6C941B5297E400455E52 /* HelloWatch WatchKit Extension */,
				FB3F6CA61B5297E500455E52 /* HelloWatch WatchKit App */,
				FB3F6C671B5297B800455E52 /* Products */,
			);
			sourceTree = "<group>";
		};
		FB3F6C671B5297B800455E52 /* Products */ = {
			isa = PBXGroup;
			children = (
				FB3F6C661B5297B800455E52 /* HelloWatch.app */,
				FB3F6C7F1B5297B800455E52 /* HelloWatchTests.xctest */,
				FB3F6C931B5297E400455E52 /* HelloWatch WatchKit Extension.appex */,
				FB3F6CA21B5297E500455E52 /* HelloWatch WatchKit App.app */,
			);
			name = Products;
			sourceTree = "<group>";
		};
		FB3F6C681B5297B800455E52 /* HelloWatch */ = {
			isa = PBXGroup;
			children = (
				FB3F6C6D1B5297B800455E52 /* AppDelegate.h */,
				FB3F6C6E1B5297B800455E52 /* AppDelegate.m */,
				FB3F6C701B5297B800455E52 /* ViewController.h */,
				FB3F6C711B5297B800455E52 /* ViewController.m */,
				FB3F6C731B5297B800455E52 /* Main.storyboard */,
				FB3F6C761B5297B800455E52 /* Images.xcassets */,
				FB3F6C781B5297B800455E52 /* LaunchScreen.xib */,
				FB3F6C691B5297B800455E52 /* Supporting Files */,
				FB3F6CBB1B52A18300455E52 /* HelloWatch.storyboard */,
			);
			path = HelloWatch;
			sourceTree = "<group>";
		};
		FB3F6C691B5297B800455E52 /* Supporting Files */ = {
			isa = PBXGroup;
			children = (
				FB3F6C6A1B5297B800455E52 /* Info.plist */,
				FB3F6C6B1B5297B800455E52 /* main.m */,
			);
			name = "Supporting Files";
			sourceTree = "<group>";
		};
		FB3F6C821B5297B800455E52 /* HelloWatchTests */ = {
			isa = PBXGroup;
			children = (
				FB3F6C851B5297B800455E52 /* HelloWatchTests.m */,
				FB3F6C831B5297B800455E52 /* Supporting Files */,
			);
			path = HelloWatchTests;
			sourceTree = "<group>";
		};
		FB3F6C831B5297B800455E52 /* Supporting Files */ = {
			isa = PBXGroup;
			children = (
				FB3F6C841B5297B800455E52 /* Info.plist */,
			);
			name = "Supporting Files";
			sourceTree = "<group>";
		};
		FB3F6C941B5297E400455E52 /* HelloWatch WatchKit Extension */ = {
			isa = PBXGroup;
			children = (
				FB3F6C981B5297E400455E52 /* InterfaceController.h */,
				FB3F6C991B5297E400455E52 /* InterfaceController.m */,
				FB3F6C9B1B5297E400455E52 /* NotificationController.h */,
				FB3F6C9C1B5297E400455E52 /* NotificationController.m */,
				FB3F6C9E1B5297E400455E52 /* Images.xcassets */,
				FB3F6C951B5297E400455E52 /* Supporting Files */,
			);
			path = "HelloWatch WatchKit Extension";
			sourceTree = "<group>";
		};
		FB3F6C951B5297E400455E52 /* Supporting Files */ = {
			isa = PBXGroup;
			children = (
				FB3F6C961B5297E400455E52 /* Info.plist */,
				FB3F6C971B5297E400455E52 /* PushNotificationPayload.apns */,
			);
			name = "Supporting Files";
			sourceTree = "<group>";
		};
		FB3F6CA61B5297E500455E52 /* HelloWatch WatchKit App */ = {
			isa = PBXGroup;
			children = (
				FB3F6CA91B5297E500455E52 /* Interface.storyboard */,
				FB3F6CAC1B5297E500455E52 /* Images.xcassets */,
				FB3F6CA71B5297E500455E52 /* Supporting Files */,
			);
			path = "HelloWatch WatchKit App";
			sourceTree = "<group>";
		};
		FB3F6CA71B5297E500455E52 /* Supporting Files */ = {
			isa = PBXGroup;
			children = (
				FB3F6CA81B5297E500455E52 /* Info.plist */,
			);
			name = "Supporting Files";
			sourceTree = "<group>";
		};
/* End PBXGroup section */

/* Begin PBXNativeTarget section */
		FB3F6C651B5297B800455E52 /* HelloWatch */ = {
			isa = PBXNativeTarget;
			buildConfigurationList = FB3F6C891B5297B800455E52 /* Build configuration list for PBXNativeTarget "HelloWatch" */;
			buildPhases = (
				FB3F6C621B5297B800455E52 /* Sources */,
				FB3F6C631B5297B800455E52 /* Frameworks */,
				FB3F6C641B5297B800455E52 /* Resources */,
				FB3F6CB71B5297E500455E52 /* Embed App Extensions */,
			);
			buildRules = (
			);
			dependencies = (
				FB3F6CAF1B5297E500455E52 /* PBXTargetDependency */,
			);
			name = HelloWatch;
			productName = HelloWatch;
			productReference = FB3F6C661B5297B800455E52 /* HelloWatch.app */;
			productType = "com.apple.product-type.application";
		};
		FB3F6C7E1B5297B800455E52 /* HelloWatchTests */ = {
			isa = PBXNativeTarget;
			buildConfigurationList = FB3F6C8C1B5297B800455E52 /* Build configuration list for PBXNativeTarget "HelloWatchTests" */;
			buildPhases = (
				FB3F6C7B1B5297B800455E52 /* Sources */,
				FB3F6C7C1B5297B800455E52 /* Frameworks */,
				FB3F6C7D1B5297B800455E52 /* Resources */,
			);
			buildRules = (
			);
			dependencies = (
				FB3F6C811B5297B800455E52 /* PBXTargetDependency */,
			);
			name = HelloWatchTests;
			productName = HelloWatchTests;
			productReference = FB3F6C7F1B5297B800455E52 /* HelloWatchTests.xctest */;
			productType = "com.apple.product-type.bundle.unit-test";
		};
		FB3F6C921B5297E400455E52 /* HelloWatch WatchKit Extension */ = {
			isa = PBXNativeTarget;
			buildConfigurationList = FB3F6CB41B5297E500455E52 /* Build configuration list for PBXNativeTarget "HelloWatch WatchKit Extension" */;
			buildPhases = (
				FB3F6C8F1B5297E400455E52 /* Sources */,
				FB3F6C901B5297E400455E52 /* Frameworks */,
				FB3F6C911B5297E400455E52 /* Resources */,
			);
			buildRules = (
			);
			dependencies = (
				FB3F6CA51B5297E500455E52 /* PBXTargetDependency */,
			);
			name = "HelloWatch WatchKit Extension";
			productName = "HelloWatch WatchKit Extension";
			productReference = FB3F6C931B5297E400455E52 /* HelloWatch WatchKit Extension.appex */;
			productType = "com.apple.product-type.watchkit-extension";
		};
		FB3F6CA11B5297E500455E52 /* HelloWatch WatchKit App */ = {
			isa = PBXNativeTarget;
			buildConfigurationList = FB3F6CB11B5297E500455E52 /* Build configuration list for PBXNativeTarget "HelloWatch WatchKit App" */;
			buildPhases = (
				FB3F6CA01B5297E500455E52 /* Resources */,
			);
			buildRules = (
			);
			dependencies = (
			);
			name = "HelloWatch WatchKit App";
			productName = "HelloWatch WatchKit App";
			productReference = FB3F6CA21B5297E500455E52 /* HelloWatch WatchKit App.app */;
			productType = "com.apple.product-type.application.watchapp";
		};
/* End PBXNativeTarget section */

/* Begin PBXProject section */
		FB3F6C5E1B5297B800455E52 /* Project object */ = {
			isa = PBXProject;
			attributes = {
				LastUpgradeCheck = 0640;
				ORGANIZATIONNAME = kaoru;
				TargetAttributes = {
					FB3F6C651B5297B800455E52 = {
						CreatedOnToolsVersion = 6.4;
					};
					FB3F6C7E1B5297B800455E52 = {
						CreatedOnToolsVersion = 6.4;
						TestTargetID = FB3F6C651B5297B800455E52;
					};
					FB3F6C921B5297E400455E52 = {
						CreatedOnToolsVersion = 6.4;
					};
					FB3F6CA11B5297E500455E52 = {
						CreatedOnToolsVersion = 6.4;
					};
				};
			};
			buildConfigurationList = FB3F6C611B5297B800455E52 /* Build configuration list for PBXProject "HelloWatch" */;
			compatibilityVersion = "Xcode 3.2";
			developmentRegion = English;
			hasScannedForEncodings = 0;
			knownRegions = (
				en,
				Base,
			);
			mainGroup = FB3F6C5D1B5297B800455E52;
			productRefGroup = FB3F6C671B5297B800455E52 /* Products */;
			projectDirPath = "";
			projectRoot = "";
			targets = (
				FB3F6C651B5297B800455E52 /* HelloWatch */,
				FB3F6C7E1B5297B800455E52 /* HelloWatchTests */,
				FB3F6C921B5297E400455E52 /* HelloWatch WatchKit Extension */,
				FB3F6CA11B5297E500455E52 /* HelloWatch WatchKit App */,
			);
		};
/* End PBXProject section */

/* Begin PBXResourcesBuildPhase section */
		FB3F6C641B5297B800455E52 /* Resources */ = {
			isa = PBXResourcesBuildPhase;
			buildActionMask = 2147483647;
			files = (
				FB3F6C751B5297B800455E52 /* Main.storyboard in Resources */,
				FB3F6C7A1B5297B800455E52 /* LaunchScreen.xib in Resources */,
				FB3F6C771B5297B800455E52 /* Images.xcassets in Resources */,
				FB3F6CBC1B52A18300455E52 /* HelloWatch.storyboard in Resources */,
			);
			runOnlyForDeploymentPostprocessing = 0;
		};
		FB3F6C7D1B5297B800455E52 /* Resources */ = {
			isa = PBXResourcesBuildPhase;
			buildActionMask = 2147483647;
			files = (
			);
			runOnlyForDeploymentPostprocessing = 0;
		};
		FB3F6C911B5297E400455E52 /* Resources */ = {
			isa = PBXResourcesBuildPhase;
			buildActionMask = 2147483647;
			files = (
				FB3F6C9F1B5297E400455E52 /* Images.xcassets in Resources */,
				FB3F6CA31B5297E500455E52 /* HelloWatch WatchKit App.app in Resources */,
			);
			runOnlyForDeploymentPostprocessing = 0;
		};
		FB3F6CA01B5297E500455E52 /* Resources */ = {
			isa = PBXResourcesBuildPhase;
			buildActionMask = 2147483647;
			files = (
				FB3F6CAB1B5297E500455E52 /* Interface.storyboard in Resources */,
				FB3F6CBD1B52A18300455E52 /* HelloWatch.storyboard in Resources */,
				FB3F6CAD1B5297E500455E52 /* Images.xcassets in Resources */,
			);
			runOnlyForDeploymentPostprocessing = 0;
		};
/* End PBXResourcesBuildPhase section */

/* Begin PBXSourcesBuildPhase section */
		FB3F6C621B5297B800455E52 /* Sources */ = {
			isa = PBXSourcesBuildPhase;
			buildActionMask = 2147483647;
			files = (
				FB3F6C721B5297B800455E52 /* ViewController.m in Sources */,
				FB3F6C6F1B5297B800455E52 /* AppDelegate.m in Sources */,
				FB3F6C6C1B5297B800455E52 /* main.m in Sources */,
			);
			runOnlyForDeploymentPostprocessing = 0;
		};
		FB3F6C7B1B5297B800455E52 /* Sources */ = {
			isa = PBXSourcesBuildPhase;
			buildActionMask = 2147483647;
			files = (
				FB3F6C861B5297B800455E52 /* HelloWatchTests.m in Sources */,
			);
			runOnlyForDeploymentPostprocessing = 0;
		};
		FB3F6C8F1B5297E400455E52 /* Sources */ = {
			isa = PBXSourcesBuildPhase;
			buildActionMask = 2147483647;
			files = (
				FB3F6C9D1B5297E400455E52 /* NotificationController.m in Sources */,
				FB3F6C9A1B5297E400455E52 /* InterfaceController.m in Sources */,
			);
			runOnlyForDeploymentPostprocessing = 0;
		};
/* End PBXSourcesBuildPhase section */

/* Begin PBXTargetDependency section */
		FB3F6C811B5297B800455E52 /* PBXTargetDependency */ = {
			isa = PBXTargetDependency;
			target = FB3F6C651B5297B800455E52 /* HelloWatch */;
			targetProxy = FB3F6C801B5297B800455E52 /* PBXContainerItemProxy */;
		};
		FB3F6CA51B5297E500455E52 /* PBXTargetDependency */ = {
			isa = PBXTargetDependency;
			target = FB3F6CA11B5297E500455E52 /* HelloWatch WatchKit App */;
			targetProxy = FB3F6CA41B5297E500455E52 /* PBXContainerItemProxy */;
		};
		FB3F6CAF1B5297E500455E52 /* PBXTargetDependency */ = {
			isa = PBXTargetDependency;
			target = FB3F6C921B5297E400455E52 /* HelloWatch WatchKit Extension */;
			targetProxy = FB3F6CAE1B5297E500455E52 /* PBXContainerItemProxy */;
		};
/* End PBXTargetDependency section */

/* Begin PBXVariantGroup section */
		FB3F6C731B5297B800455E52 /* Main.storyboard */ = {
			isa = PBXVariantGroup;
			children = (
				FB3F6C741B5297B800455E52 /* Base */,
			);
			name = Main.storyboard;
			sourceTree = "<group>";
		};
		FB3F6C781B5297B800455E52 /* LaunchScreen.xib */ = {
			isa = PBXVariantGroup;
			children = (
				FB3F6C791B5297B800455E52 /* Base */,
			);
			name = LaunchScreen.xib;
			sourceTree = "<group>";
		};
		FB3F6CA91B5297E500455E52 /* Interface.storyboard */ = {
			isa = PBXVariantGroup;
			children = (
				FB3F6CAA1B5297E500455E52 /* Base */,
			);
			name = Interface.storyboard;
			sourceTree = "<group>";
		};
/* End PBXVariantGroup section */

/* Begin XCBuildConfiguration section */
		FB3F6C871B5297B800455E52 /* Debug */ = {
			isa = XCBuildConfiguration;
			buildSettings = {
				ALWAYS_SEARCH_USER_PATHS = NO;
				CLANG_CXX_LANGUAGE_STANDARD = "gnu++0x";
				CLANG_CXX_LIBRARY = "libc++";
				CLANG_ENABLE_MODULES = YES;
				CLANG_ENABLE_OBJC_ARC = YES;
				CLANG_WARN_BOOL_CONVERSION = YES;
				CLANG_WARN_CONSTANT_CONVERSION = YES;
				CLANG_WARN_DIRECT_OBJC_ISA_USAGE = YES_ERROR;
				CLANG_WARN_EMPTY_BODY = YES;
				CLANG_WARN_ENUM_CONVERSION = YES;
				CLANG_WARN_INT_CONVERSION = YES;
				CLANG_WARN_OBJC_ROOT_CLASS = YES_ERROR;
				CLANG_WARN_UNREACHABLE_CODE = YES;
				CLANG_WARN__DUPLICATE_METHOD_MATCH = YES;
				"CODE_SIGN_IDENTITY[sdk=iphoneos*]" = "iPhone Developer";
				COPY_PHASE_STRIP = NO;
				DEBUG_INFORMATION_FORMAT = "dwarf-with-dsym";
				ENABLE_STRICT_OBJC_MSGSEND = YES;
				GCC_C_LANGUAGE_STANDARD = gnu99;
				GCC_DYNAMIC_NO_PIC = NO;
				GCC_NO_COMMON_BLOCKS = YES;
				GCC_OPTIMIZATION_LEVEL = 0;
				GCC_PREPROCESSOR_DEFINITIONS = (
					"DEBUG=1",
					"$(inherited)",
				);
				GCC_SYMBOLS_PRIVATE_EXTERN = NO;
				GCC_WARN_64_TO_32_BIT_CONVERSION = YES;
				GCC_WARN_ABOUT_RETURN_TYPE = YES_ERROR;
				GCC_WARN_UNDECLARED_SELECTOR = YES;
				GCC_WARN_UNINITIALIZED_AUTOS = YES_AGGRESSIVE;
				GCC_WARN_UNUSED_FUNCTION = YES;
				GCC_WARN_UNUSED_VARIABLE = YES;
				IPHONEOS_DEPLOYMENT_TARGET = 8.4;
				MTL_ENABLE_DEBUG_INFO = YES;
				ONLY_ACTIVE_ARCH = YES;
				SDKROOT = iphoneos;
			};
			name = Debug;
		};
		FB3F6C881B5297B800455E52 /* Release */ = {
			isa = XCBuildConfiguration;
			buildSettings = {
				ALWAYS_SEARCH_USER_PATHS = NO;
				CLANG_CXX_LANGUAGE_STANDARD = "gnu++0x";
				CLANG_CXX_LIBRARY = "libc++";
				CLANG_ENABLE_MODULES = YES;
				CLANG_ENABLE_OBJC_ARC = YES;
				CLANG_WARN_BOOL_CONVERSION = YES;
				CLANG_WARN_CONSTANT_CONVERSION = YES;
				CLANG_WARN_DIRECT_OBJC_ISA_USAGE = YES_ERROR;
				CLANG_WARN_EMPTY_BODY = YES;
				CLANG_WARN_ENUM_CONVERSION = YES;
				CLANG_WARN_INT_CONVERSION = YES;
				CLANG_WARN_OBJC_ROOT_CLASS = YES_ERROR;
				CLANG_WARN_UNREACHABLE_CODE = YES;
				CLANG_WARN__DUPLICATE_METHOD_MATCH = YES;
				"CODE_SIGN_IDENTITY[sdk=iphoneos*]" = "iPhone Developer";
				COPY_PHASE_STRIP = NO;
				DEBUG_INFORMATION_FORMAT = "dwarf-with-dsym";
				ENABLE_NS_ASSERTIONS = NO;
				ENABLE_STRICT_OBJC_MSGSEND = YES;
				GCC_C_LANGUAGE_STANDARD = gnu99;
				GCC_NO_COMMON_BLOCKS = YES;
				GCC_WARN_64_TO_32_BIT_CONVERSION = YES;
				GCC_WARN_ABOUT_RETURN_TYPE = YES_ERROR;
				GCC_WARN_UNDECLARED_SELECTOR = YES;
				GCC_WARN_UNINITIALIZED_AUTOS = YES_AGGRESSIVE;
				GCC_WARN_UNUSED_FUNCTION = YES;
				GCC_WARN_UNUSED_VARIABLE = YES;
				IPHONEOS_DEPLOYMENT_TARGET = 8.4;
				MTL_ENABLE_DEBUG_INFO = NO;
				SDKROOT = iphoneos;
				VALIDATE_PRODUCT = YES;
			};
			name = Release;
		};
		FB3F6C8A1B5297B800455E52 /* Debug */ = {
			isa = XCBuildConfiguration;
			buildSettings = {
				ASSETCATALOG_COMPILER_APPICON_NAME = AppIcon;
				INFOPLIST_FILE = HelloWatch/Info.plist;
				LD_RUNPATH_SEARCH_PATHS = "$(inherited) @executable_path/Frameworks";
				PRODUCT_NAME = "$(TARGET_NAME)";
			};
			name = Debug;
		};
		FB3F6C8B1B5297B800455E52 /* Release */ = {
			isa = XCBuildConfiguration;
			buildSettings = {
				ASSETCATALOG_COMPILER_APPICON_NAME = AppIcon;
				INFOPLIST_FILE = HelloWatch/Info.plist;
				LD_RUNPATH_SEARCH_PATHS = "$(inherited) @executable_path/Frameworks";
				PRODUCT_NAME = "$(TARGET_NAME)";
			};
			name = Release;
		};
		FB3F6C8D1B5297B800455E52 /* Debug */ = {
			isa = XCBuildConfiguration;
			buildSettings = {
				BUNDLE_LOADER = "$(TEST_HOST)";
				FRAMEWORK_SEARCH_PATHS = (
					"$(SDKROOT)/Developer/Library/Frameworks",
					"$(inherited)",
				);
				GCC_PREPROCESSOR_DEFINITIONS = (
					"DEBUG=1",
					"$(inherited)",
				);
				INFOPLIST_FILE = HelloWatchTests/Info.plist;
				LD_RUNPATH_SEARCH_PATHS = "$(inherited) @executable_path/Frameworks @loader_path/Frameworks";
				PRODUCT_NAME = "$(TARGET_NAME)";
				TEST_HOST = "$(BUILT_PRODUCTS_DIR)/HelloWatch.app/HelloWatch";
			};
			name = Debug;
		};
		FB3F6C8E1B5297B800455E52 /* Release */ = {
			isa = XCBuildConfiguration;
			buildSettings = {
				BUNDLE_LOADER = "$(TEST_HOST)";
				FRAMEWORK_SEARCH_PATHS = (
					"$(SDKROOT)/Developer/Library/Frameworks",
					"$(inherited)",
				);
				INFOPLIST_FILE = HelloWatchTests/Info.plist;
				LD_RUNPATH_SEARCH_PATHS = "$(inherited) @executable_path/Frameworks @loader_path/Frameworks";
				PRODUCT_NAME = "$(TARGET_NAME)";
				TEST_HOST = "$(BUILT_PRODUCTS_DIR)/HelloWatch.app/HelloWatch";
			};
			name = Release;
		};
		FB3F6CB21B5297E500455E52 /* Debug */ = {
			isa = XCBuildConfiguration;
			buildSettings = {
				ASSETCATALOG_COMPILER_APPICON_NAME = AppIcon;
				GCC_PREPROCESSOR_DEFINITIONS = (
					"DEBUG=1",
					"$(inherited)",
				);
				IBSC_MODULE = HelloWatch_WatchKit_Extension;
				INFOPLIST_FILE = "HelloWatch WatchKit App/Info.plist";
				IPHONEOS_DEPLOYMENT_TARGET = 8.2;
				PRODUCT_NAME = "$(TARGET_NAME)";
				SKIP_INSTALL = YES;
				TARGETED_DEVICE_FAMILY = 4;
				"TARGETED_DEVICE_FAMILY[sdk=iphonesimulator*]" = "1,4";
			};
			name = Debug;
		};
		FB3F6CB31B5297E500455E52 /* Release */ = {
			isa = XCBuildConfiguration;
			buildSettings = {
				ASSETCATALOG_COMPILER_APPICON_NAME = AppIcon;
				IBSC_MODULE = HelloWatch_WatchKit_Extension;
				INFOPLIST_FILE = "HelloWatch WatchKit App/Info.plist";
				IPHONEOS_DEPLOYMENT_TARGET = 8.2;
				PRODUCT_NAME = "$(TARGET_NAME)";
				SKIP_INSTALL = YES;
				TARGETED_DEVICE_FAMILY = 4;
				"TARGETED_DEVICE_FAMILY[sdk=iphonesimulator*]" = "1,4";
			};
			name = Release;
		};
		FB3F6CB51B5297E500455E52 /* Debug */ = {
			isa = XCBuildConfiguration;
			buildSettings = {
				GCC_PREPROCESSOR_DEFINITIONS = (
					"DEBUG=1",
					"$(inherited)",
				);
				INFOPLIST_FILE = "HelloWatch WatchKit Extension/Info.plist";
				LD_RUNPATH_SEARCH_PATHS = "$(inherited) @executable_path/Frameworks @executable_path/../../Frameworks";
				PRODUCT_NAME = "${TARGET_NAME}";
				SKIP_INSTALL = YES;
			};
			name = Debug;
		};
		FB3F6CB61B5297E500455E52 /* Release */ = {
			isa = XCBuildConfiguration;
			buildSettings = {
				INFOPLIST_FILE = "HelloWatch WatchKit Extension/Info.plist";
				LD_RUNPATH_SEARCH_PATHS = "$(inherited) @executable_path/Frameworks @executable_path/../../Frameworks";
				PRODUCT_NAME = "${TARGET_NAME}";
				SKIP_INSTALL = YES;
			};
			name = Release;
		};
/* End XCBuildConfiguration section */

/* Begin XCConfigurationList section */
		FB3F6C611B5297B800455E52 /* Build configuration list for PBXProject "HelloWatch" */ = {
			isa = XCConfigurationList;
			buildConfigurations = (
				FB3F6C871B5297B800455E52 /* Debug */,
				FB3F6C881B5297B800455E52 /* Release */,
			);
			defaultConfigurationIsVisible = 0;
			defaultConfigurationName = Release;
		};
		FB3F6C891B5297B800455E52 /* Build configuration list for PBXNativeTarget "HelloWatch" */ = {
			isa = XCConfigurationList;
			buildConfigurations = (
				FB3F6C8A1B5297B800455E52 /* Debug */,
				FB3F6C8B1B5297B800455E52 /* Release */,
			);
			defaultConfigurationIsVisible = 0;
		};
		FB3F6C8C1B5297B800455E52 /* Build configuration list for PBXNativeTarget "HelloWatchTests" */ = {
			isa = XCConfigurationList;
			buildConfigurations = (
				FB3F6C8D1B5297B800455E52 /* Debug */,
				FB3F6C8E1B5297B800455E52 /* Release */,
			);
			defaultConfigurationIsVisible = 0;
		};
		FB3F6CB11B5297E500455E52 /* Build configuration list for PBXNativeTarget "HelloWatch WatchKit App" */ = {
			isa = XCConfigurationList;
			buildConfigurations = (
				FB3F6CB21B5297E500455E52 /* Debug */,
				FB3F6CB31B5297E500455E52 /* Release */,
			);
			defaultConfigurationIsVisible = 0;
		};
		FB3F6CB41B5297E500455E52 /* Build configuration list for PBXNativeTarget "HelloWatch WatchKit Extension" */ = {
			isa = XCConfigurationList;
			buildConfigurations = (
				FB3F6CB51B5297E500455E52 /* Debug */,
				FB3F6CB61B5297E500455E52 /* Release */,
			);
			defaultConfigurationIsVisible = 0;
		};
/* End XCConfigurationList section */
	};
	rootObject = FB3F6C5E1B5297B800455E52 /* Project object */;
}
